github.com/orsinium-labs/tinymath v1.0.0 h1:Uzp3GmjWIBxMObx4MQi9ACDu4Q8WKjSRakB1OMo9Bu0=
github.com/orsinium-labs/tinymath v1.0.0/go.mod h1:WPXX6ei3KSXG7JfA03a+ekCYaY9SWN4I+JRl2p6ck+A=
github.com/orsinium-labs/tinymath v1.1.0 h1:KomdsyLHB7vE3f1nRAJF2dyf1m/gnM2HxfTeV1vS5UA=
github.com/orsinium-labs/tinymath v1.1.0/go.mod h1:WPXX6ei3KSXG7JfA03a+ekCYaY9SWN4I+JRl2p6ck+A=
